
Microsoft Visual Studio Solution File, Format Version 12.00
# Visual Studio Version 17
VisualStudioVersion = 17.10.35122.118
MinimumVisualStudioVersion = 10.0.40219.1
Project("{FAE04EC0-301F-11D3-BF4B-00C04F79EFBC}") = "game_minesweeper", "game_minesweeper\game_minesweeper.csproj", "{3D4E5B67-0151-4344-BBE8-4214E14C77DD}"
EndProject
Global
	GlobalSection(SolutionConfigurationPlatforms) = preSolution
		Debug|Any CPU = Debug|Any CPU
		Release|Any CPU = Release|Any CPU
	EndGlobalSection
	GlobalSection(ProjectConfigurationPlatforms) = postSolution
		{3D4E5B67-0151-4344-BBE8-4214E14C77DD}.Debug|Any CPU.ActiveCfg = Debug|Any CPU
		{3D4E5B67-0151-4344-BBE8-4214E14C77DD}.Debug|Any CPU.Build.0 = Debug|Any CPU
		{3D4E5B67-0151-4344-BBE8-4214E14C77DD}.Release|Any CPU.ActiveCfg = Release|Any CPU
		{3D4E5B67-0151-4344-BBE8-4214E14C77DD}.Release|Any CPU.Build.0 = Release|Any CPU
	EndGlobalSection
	GlobalSection(SolutionProperties) = preSolution
		HideSolutionNode = FALSE
	EndGlobalSection
	GlobalSection(ExtensibilityGlobals) = postSolution
		SolutionGuid = {68128FE3-B324-48A4-9388-F0DB919AEC21}
	EndGlobalSection
EndGlobal
